PODS:
  - camera_avfoundation (0.0.1):
    - Flutter
  - Flutter (1.0.0)
  - image_picker_ios (0.0.1):
    - Flutter
  - ncnn_yolox_flutter (0.0.1):
    - Flutter
  - path_provider_ios (0.0.1):
    - Flutter

DEPENDENCIES:
  - camera_avfoundation (from `.symlinks/plugins/camera_avfoundation/ios`)
  - Flutter (from `Flutter`)
  - image_picker_ios (from `.symlinks/plugins/image_picker_ios/ios`)
  - ncnn_yolox_flutter (from `.symlinks/plugins/ncnn_yolox_flutter/ios`)
  - path_provider_ios (from `.symlinks/plugins/path_provider_ios/ios`)

EXTERNAL SOURCES:
  camera_avfoundation:
    :path: ".symlinks/plugins/camera_avfoundation/ios"
  Flutter:
    :path: Flutter
  image_picker_ios:
    :path: ".symlinks/plugins/image_picker_ios/ios"
  ncnn_yolox_flutter:
    :path: ".symlinks/plugins/ncnn_yolox_flutter/ios"
  path_provider_ios:
    :path: ".symlinks/plugins/path_provider_ios/ios"

SPEC CHECKSUMS:
  camera_avfoundation: 07c77549ea54ad95d8581be86617c094a46280d9
  Flutter: 50d75fe2f02b26cc09d224853bb45737f8b3214a
  image_picker_ios: b786a5dcf033a8336a657191401bfdf12017dabb
  ncnn_yolox_flutter: b8eb17be94717eaa9d86eaee03cff63d641b1667
  path_provider_ios: 14f3d2fd28c4fdb42f44e0f751d12861c43cee02

PODFILE CHECKSUM: bb7a046258a98418a605d21813d1432adbd019e9

COCOAPODS: 1.11.3
